
Microsoft Visual Studio Solution File, Format Version 12.00
# Visual Studio 15
VisualStudioVersion = 15.0.27130.2003
MinimumVisualStudioVersion = 10.0.40219.1
Project("{9A19103F-16F7-4668-BE54-9A1E7A4F7556}") = "Gilmond.ImageProcessing.Functions", "Gilmond.ImageProcessing.Functions\Gilmond.ImageProcessing.Functions.csproj", "{CF7B4212-FDB4-45CA-8CCD-A814D93A723B}"
EndProject
Project("{2150E333-8FDC-42A3-9474-1A3956D46DE8}") = "Files", "Files", "{D0A3139C-4404-49FE-92E3-0674882DE5F1}"
	ProjectSection(SolutionItems) = preProject
		Files\cat-1.jpg = Files\cat-1.jpg
		Files\cat-10.jpg = Files\cat-10.jpg
		Files\cat-2.jpg = Files\cat-2.jpg
		Files\cat-3.jpg = Files\cat-3.jpg
		Files\cat-4.jpg = Files\cat-4.jpg
		Files\cat-5.jpg = Files\cat-5.jpg
		Files\cat-6.jpg = Files\cat-6.jpg
		Files\cat-7.jpg = Files\cat-7.jpg
		Files\cat-8.jpg = Files\cat-8.jpg
		Files\cat-9.jpg = Files\cat-9.jpg
		Files\Cats-Gray-Resize-PNG.json = Files\Cats-Gray-Resize-PNG.json
		Files\Cats-Gray.json = Files\Cats-Gray.json
		Files\Cats-NoOperations.json = Files\Cats-NoOperations.json
		Files\Cats-PNG.json = Files\Cats-PNG.json
		Files\Cats-Resize.json = Files\Cats-Resize.json
		Files\Cats.zip = Files\Cats.zip
	EndProjectSection
EndProject
Global
	GlobalSection(SolutionConfigurationPlatforms) = preSolution
		Debug|Any CPU = Debug|Any CPU
		Release|Any CPU = Release|Any CPU
	EndGlobalSection
	GlobalSection(ProjectConfigurationPlatforms) = postSolution
		{CF7B4212-FDB4-45CA-8CCD-A814D93A723B}.Debug|Any CPU.ActiveCfg = Debug|Any CPU
		{CF7B4212-FDB4-45CA-8CCD-A814D93A723B}.Debug|Any CPU.Build.0 = Debug|Any CPU
		{CF7B4212-FDB4-45CA-8CCD-A814D93A723B}.Release|Any CPU.ActiveCfg = Release|Any CPU
		{CF7B4212-FDB4-45CA-8CCD-A814D93A723B}.Release|Any CPU.Build.0 = Release|Any CPU
	EndGlobalSection
	GlobalSection(SolutionProperties) = preSolution
		HideSolutionNode = FALSE
	EndGlobalSection
	GlobalSection(ExtensibilityGlobals) = postSolution
		SolutionGuid = {7D0B6991-8158-47E9-8EFF-8474851D5AAF}
	EndGlobalSection
EndGlobal
